
Microsoft Visual Studio Solution File, Format Version 12.00
# Visual Studio Version 16
VisualStudioVersion = 16.0.31105.61
MinimumVisualStudioVersion = 10.0.40219.1
Project("{8BC9CEB8-8B4A-11D0-8D11-00A0C91BC942}") = "power function", "power function\power function.vcxproj", "{177BE54F-4FDB-49C7-951C-F6CCC7C53EA6}"
EndProject
Global
	GlobalSection(SolutionConfigurationPlatforms) = preSolution
		Debug|x64 = Debug|x64
		Debug|x86 = Debug|x86
		Release|x64 = Release|x64
		Release|x86 = Release|x86
	EndGlobalSection
	GlobalSection(ProjectConfigurationPlatforms) = postSolution
		{177BE54F-4FDB-49C7-951C-F6CCC7C53EA6}.Debug|x64.ActiveCfg = Debug|x64
		{177BE54F-4FDB-49C7-951C-F6CCC7C53EA6}.Debug|x64.Build.0 = Debug|x64
		{177BE54F-4FDB-49C7-951C-F6CCC7C53EA6}.Debug|x86.ActiveCfg = Debug|Win32
		{177BE54F-4FDB-49C7-951C-F6CCC7C53EA6}.Debug|x86.Build.0 = Debug|Win32
		{177BE54F-4FDB-49C7-951C-F6CCC7C53EA6}.Release|x64.ActiveCfg = Release|x64
		{177BE54F-4FDB-49C7-951C-F6CCC7C53EA6}.Release|x64.Build.0 = Release|x64
		{177BE54F-4FDB-49C7-951C-F6CCC7C53EA6}.Release|x86.ActiveCfg = Release|Win32
		{177BE54F-4FDB-49C7-951C-F6CCC7C53EA6}.Release|x86.Build.0 = Release|Win32
	EndGlobalSection
	GlobalSection(SolutionProperties) = preSolution
		HideSolutionNode = FALSE
	EndGlobalSection
	GlobalSection(ExtensibilityGlobals) = postSolution
		SolutionGuid = {021D164A-1C2B-4267-A28B-7BE773DA6FE5}
	EndGlobalSection
EndGlobal
